
Microsoft Visual Studio Solution File, Format Version 12.00
# Visual Studio Version 17
VisualStudioVersion = 17.4.33103.184
MinimumVisualStudioVersion = 10.0.40219.1
Project("{9A19103F-16F7-4668-BE54-9A1E7A4F7556}") = "WebApp", "src\WebApp\WebApp.csproj", "{EF2B2EA7-D380-46EA-A2CE-D7C9D22B18FA}"
EndProject
Project("{2150E333-8FDC-42A3-9474-1A3956D46DE8}") = "src", "src", "{74FC9674-053B-480C-84AC-F6AAF8B82239}"
EndProject
Project("{2150E333-8FDC-42A3-9474-1A3956D46DE8}") = "test", "test", "{9EC4E573-048F-40B7-8721-E28857532DF0}"
EndProject
Project("{9A19103F-16F7-4668-BE54-9A1E7A4F7556}") = "WebApp.Test", "test\WebApp.Test\WebApp.Test.csproj", "{972B3171-DDE1-4CF8-863E-B45875440A80}"
EndProject
Project("{FAE04EC0-301F-11D3-BF4B-00C04F79EFBC}") = "Infrastructure", "src\Infrastructure\Infrastructure.csproj", "{5D89CB6E-02DA-483F-B0CA-03E235EA795B}"
EndProject
Project("{FAE04EC0-301F-11D3-BF4B-00C04F79EFBC}") = "ActivityPub.Domain", "src\ActivityPub.Domain\ActivityPub.Domain.csproj", "{5538990A-29DE-448B-A5F3-30266AA66C17}"
EndProject
Project("{FAE04EC0-301F-11D3-BF4B-00C04F79EFBC}") = "Domain", "src\Domain\Domain.csproj", "{46FC91AA-B4F6-4339-A414-5126474048C6}"
EndProject
Project("{2150E333-8FDC-42A3-9474-1A3956D46DE8}") = "SolutionItems", "SolutionItems", "{98B687E0-157E-4EF0-8482-6E6EDF46E034}"
	ProjectSection(SolutionItems) = preProject
		.editorconfig = .editorconfig
		.gitattributes = .gitattributes
		.gitignore = .gitignore
		Directory.Packages.props = Directory.Packages.props
		nuget.config = nuget.config
		README.md = README.md
	EndProjectSection
EndProject
Global
	GlobalSection(SolutionConfigurationPlatforms) = preSolution
		Debug|Any CPU = Debug|Any CPU
		Release|Any CPU = Release|Any CPU
	EndGlobalSection
	GlobalSection(ProjectConfigurationPlatforms) = postSolution
		{EF2B2EA7-D380-46EA-A2CE-D7C9D22B18FA}.Debug|Any CPU.ActiveCfg = Debug|Any CPU
		{EF2B2EA7-D380-46EA-A2CE-D7C9D22B18FA}.Debug|Any CPU.Build.0 = Debug|Any CPU
		{EF2B2EA7-D380-46EA-A2CE-D7C9D22B18FA}.Release|Any CPU.ActiveCfg = Release|Any CPU
		{EF2B2EA7-D380-46EA-A2CE-D7C9D22B18FA}.Release|Any CPU.Build.0 = Release|Any CPU
		{972B3171-DDE1-4CF8-863E-B45875440A80}.Debug|Any CPU.ActiveCfg = Debug|Any CPU
		{972B3171-DDE1-4CF8-863E-B45875440A80}.Debug|Any CPU.Build.0 = Debug|Any CPU
		{972B3171-DDE1-4CF8-863E-B45875440A80}.Release|Any CPU.ActiveCfg = Release|Any CPU
		{972B3171-DDE1-4CF8-863E-B45875440A80}.Release|Any CPU.Build.0 = Release|Any CPU
		{5D89CB6E-02DA-483F-B0CA-03E235EA795B}.Debug|Any CPU.ActiveCfg = Debug|Any CPU
		{5D89CB6E-02DA-483F-B0CA-03E235EA795B}.Debug|Any CPU.Build.0 = Debug|Any CPU
		{5D89CB6E-02DA-483F-B0CA-03E235EA795B}.Release|Any CPU.ActiveCfg = Release|Any CPU
		{5D89CB6E-02DA-483F-B0CA-03E235EA795B}.Release|Any CPU.Build.0 = Release|Any CPU
		{5538990A-29DE-448B-A5F3-30266AA66C17}.Debug|Any CPU.ActiveCfg = Debug|Any CPU
		{5538990A-29DE-448B-A5F3-30266AA66C17}.Debug|Any CPU.Build.0 = Debug|Any CPU
		{5538990A-29DE-448B-A5F3-30266AA66C17}.Release|Any CPU.ActiveCfg = Release|Any CPU
		{5538990A-29DE-448B-A5F3-30266AA66C17}.Release|Any CPU.Build.0 = Release|Any CPU
		{46FC91AA-B4F6-4339-A414-5126474048C6}.Debug|Any CPU.ActiveCfg = Debug|Any CPU
		{46FC91AA-B4F6-4339-A414-5126474048C6}.Debug|Any CPU.Build.0 = Debug|Any CPU
		{46FC91AA-B4F6-4339-A414-5126474048C6}.Release|Any CPU.ActiveCfg = Release|Any CPU
		{46FC91AA-B4F6-4339-A414-5126474048C6}.Release|Any CPU.Build.0 = Release|Any CPU
	EndGlobalSection
	GlobalSection(SolutionProperties) = preSolution
		HideSolutionNode = FALSE
	EndGlobalSection
	GlobalSection(NestedProjects) = preSolution
		{EF2B2EA7-D380-46EA-A2CE-D7C9D22B18FA} = {74FC9674-053B-480C-84AC-F6AAF8B82239}
		{972B3171-DDE1-4CF8-863E-B45875440A80} = {9EC4E573-048F-40B7-8721-E28857532DF0}
		{5D89CB6E-02DA-483F-B0CA-03E235EA795B} = {74FC9674-053B-480C-84AC-F6AAF8B82239}
		{5538990A-29DE-448B-A5F3-30266AA66C17} = {74FC9674-053B-480C-84AC-F6AAF8B82239}
		{46FC91AA-B4F6-4339-A414-5126474048C6} = {74FC9674-053B-480C-84AC-F6AAF8B82239}
	EndGlobalSection
	GlobalSection(ExtensibilityGlobals) = postSolution
		SolutionGuid = {B464DC23-8514-4B57-BA12-524A7C3994FA}
	EndGlobalSection
EndGlobal
